
Microsoft Visual Studio Solution File, Format Version 12.00
# Visual Studio Version 16
VisualStudioVersion = 16.0.29424.173
MinimumVisualStudioVersion = 10.0.40219.1
Project("{9A19103F-16F7-4668-BE54-9A1E7A4F7556}") = "webroxy", "webroxy.csproj", "{39586A05-EF92-4D3B-B01A-7D09CCE8F8AD}"
EndProject
Global
	GlobalSection(SolutionConfigurationPlatforms) = preSolution
		Debug|Any CPU = Debug|Any CPU
		Release|Any CPU = Release|Any CPU
	EndGlobalSection
	GlobalSection(ProjectConfigurationPlatforms) = postSolution
		{39586A05-EF92-4D3B-B01A-7D09CCE8F8AD}.Debug|Any CPU.ActiveCfg = Debug|Any CPU
		{39586A05-EF92-4D3B-B01A-7D09CCE8F8AD}.Debug|Any CPU.Build.0 = Debug|Any CPU
		{39586A05-EF92-4D3B-B01A-7D09CCE8F8AD}.Release|Any CPU.ActiveCfg = Release|Any CPU
		{39586A05-EF92-4D3B-B01A-7D09CCE8F8AD}.Release|Any CPU.Build.0 = Release|Any CPU
	EndGlobalSection
	GlobalSection(SolutionProperties) = preSolution
		HideSolutionNode = FALSE
	EndGlobalSection
	GlobalSection(ExtensibilityGlobals) = postSolution
		SolutionGuid = {63D1FBC3-3FD9-4B1B-9DD2-150DAB2831B2}
	EndGlobalSection
EndGlobal
